
Microsoft Visual Studio Solution File, Format Version 12.00
# Visual Studio 14
VisualStudioVersion = 14.0.25420.1
MinimumVisualStudioVersion = 10.0.40219.1
Project("{2150E333-8FDC-42A3-9474-1A3956D46DE8}") = "NIM", "NIM", "{6FD20AA2-D2DE-4A16-AC18-A392738B54CF}"
EndProject
Project("{FAE04EC0-301F-11D3-BF4B-00C04F79EFBC}") = "NimUtility", "ThirdParty\NIM\Utility\NimUtility.csproj", "{A9141F3E-B530-49EE-B959-16A49E1C98B1}"
EndProject
Project("{FAE04EC0-301F-11D3-BF4B-00C04F79EFBC}") = "NimCore", "ThirdParty\NIM\Core\NimCore.csproj", "{3F88DD96-1392-409A-89E8-475FC56E4647}"
EndProject
Project("{FAE04EC0-301F-11D3-BF4B-00C04F79EFBC}") = "Yoki.IM", "Src\Yoki.IM\Yoki.IM.csproj", "{0C53340C-B5A4-40A3-B746-2500E86169E5}"
EndProject
Project("{FAE04EC0-301F-11D3-BF4B-00C04F79EFBC}") = "Yoki.Core", "Src\Yoki.Core\Yoki.Core.csproj", "{2E1015DB-2F77-48E1-A5CB-59DE18E94F9B}"
EndProject
Project("{2150E333-8FDC-42A3-9474-1A3956D46DE8}") = "Yoki.IM", "Yoki.IM", "{A5E01408-CB3F-449B-BA02-1E779A0ECC40}"
EndProject
Project("{2150E333-8FDC-42A3-9474-1A3956D46DE8}") = "Yoki.Comm", "Yoki.Comm", "{40EB7F66-AA33-4076-BC91-651ECA38C4FA}"
EndProject
Project("{FAE04EC0-301F-11D3-BF4B-00C04F79EFBC}") = "Yoki.Comm", "Src\Yoki.Comm\Yoki.Comm.csproj", "{44125D6E-78A1-456C-967E-AAFCA7B6BBEA}"
EndProject
Project("{2150E333-8FDC-42A3-9474-1A3956D46DE8}") = "Yoki.UI", "Yoki.UI", "{CBA74696-0E80-40E5-B973-D4E55B7F4D89}"
EndProject
Project("{FAE04EC0-301F-11D3-BF4B-00C04F79EFBC}") = "Fink.Drawing", "Src\Fink.Drawing\Fink.Drawing.csproj", "{1FF50F3A-43A3-4648-B132-0EA318AB1340}"
EndProject
Project("{FAE04EC0-301F-11D3-BF4B-00C04F79EFBC}") = "Fink.Windows.Forms", "Src\Fink.Windows.Forms\Fink.Windows.Forms.csproj", "{4617FFAE-D5C0-4752-A022-FECAD4943424}"
EndProject
Project("{FAE04EC0-301F-11D3-BF4B-00C04F79EFBC}") = "Yoki.View", "Src\Yoki.View\Yoki.View.csproj", "{CFA7419C-0EBF-4C0A-921D-C677212F6B6A}"
EndProject
Project("{FAE04EC0-301F-11D3-BF4B-00C04F79EFBC}") = "Fink.Core", "Src\Fink.Core\Fink.Core.csproj", "{C4F13B45-E8B5-4E42-93F9-75AC2B10534A}"
EndProject
Project("{FAE04EC0-301F-11D3-BF4B-00C04F79EFBC}") = "Yoki.Controls", "Src\Yoki.Controls\Yoki.Controls.csproj", "{63CFA640-2502-42CD-B7F3-BBFF54ADCF45}"
EndProject
Project("{2150E333-8FDC-42A3-9474-1A3956D46DE8}") = "Yoki.Business", "Yoki.Business", "{71F72F20-5B4F-485A-84C8-7CC35ABCD0F7}"
EndProject
Project("{FAE04EC0-301F-11D3-BF4B-00C04F79EFBC}") = "Yoki.Business", "Src\Yoki.Business\Yoki.Business.csproj", "{D3E3EA21-34C6-4A08-A6D3-7E7D51223B72}"
EndProject
Project("{FAE04EC0-301F-11D3-BF4B-00C04F79EFBC}") = "NimHttp", "ThirdParty\NIM\Http\NimHttp.csproj", "{B211B7E3-96B2-453B-B9C0-1A98DC6794CE}"
EndProject
Project("{FAE04EC0-301F-11D3-BF4B-00C04F79EFBC}") = "NimAudio", "ThirdParty\NIM\Audio\NimAudio.csproj", "{A4FC140E-8C55-4E25-B7C3-9110DF69222B}"
EndProject
Project("{FAE04EC0-301F-11D3-BF4B-00C04F79EFBC}") = "NimChatRoom", "ThirdParty\NIM\ChatRoom\NimChatRoom.csproj", "{C6E81245-E678-4608-B649-4EBD6244210A}"
EndProject
Global
	GlobalSection(SolutionConfigurationPlatforms) = preSolution
		Debug|x86 = Debug|x86
		Release|x86 = Release|x86
	EndGlobalSection
	GlobalSection(ProjectConfigurationPlatforms) = postSolution
		{A9141F3E-B530-49EE-B959-16A49E1C98B1}.Debug|x86.ActiveCfg = Debug|x86
		{A9141F3E-B530-49EE-B959-16A49E1C98B1}.Debug|x86.Build.0 = Debug|x86
		{A9141F3E-B530-49EE-B959-16A49E1C98B1}.Release|x86.ActiveCfg = Release|x86
		{A9141F3E-B530-49EE-B959-16A49E1C98B1}.Release|x86.Build.0 = Release|x86
		{3F88DD96-1392-409A-89E8-475FC56E4647}.Debug|x86.ActiveCfg = Debug|x86
		{3F88DD96-1392-409A-89E8-475FC56E4647}.Debug|x86.Build.0 = Debug|x86
		{3F88DD96-1392-409A-89E8-475FC56E4647}.Release|x86.ActiveCfg = Release|x86
		{3F88DD96-1392-409A-89E8-475FC56E4647}.Release|x86.Build.0 = Release|x86
		{0C53340C-B5A4-40A3-B746-2500E86169E5}.Debug|x86.ActiveCfg = Debug|x86
		{0C53340C-B5A4-40A3-B746-2500E86169E5}.Debug|x86.Build.0 = Debug|x86
		{0C53340C-B5A4-40A3-B746-2500E86169E5}.Release|x86.ActiveCfg = Release|x86
		{0C53340C-B5A4-40A3-B746-2500E86169E5}.Release|x86.Build.0 = Release|x86
		{2E1015DB-2F77-48E1-A5CB-59DE18E94F9B}.Debug|x86.ActiveCfg = Debug|x86
		{2E1015DB-2F77-48E1-A5CB-59DE18E94F9B}.Debug|x86.Build.0 = Debug|x86
		{2E1015DB-2F77-48E1-A5CB-59DE18E94F9B}.Release|x86.ActiveCfg = Release|x86
		{2E1015DB-2F77-48E1-A5CB-59DE18E94F9B}.Release|x86.Build.0 = Release|x86
		{44125D6E-78A1-456C-967E-AAFCA7B6BBEA}.Debug|x86.ActiveCfg = Debug|x86
		{44125D6E-78A1-456C-967E-AAFCA7B6BBEA}.Debug|x86.Build.0 = Debug|x86
		{44125D6E-78A1-456C-967E-AAFCA7B6BBEA}.Release|x86.ActiveCfg = Release|x86
		{44125D6E-78A1-456C-967E-AAFCA7B6BBEA}.Release|x86.Build.0 = Release|x86
		{1FF50F3A-43A3-4648-B132-0EA318AB1340}.Debug|x86.ActiveCfg = Debug|x86
		{1FF50F3A-43A3-4648-B132-0EA318AB1340}.Debug|x86.Build.0 = Debug|x86
		{1FF50F3A-43A3-4648-B132-0EA318AB1340}.Release|x86.ActiveCfg = Release|x86
		{1FF50F3A-43A3-4648-B132-0EA318AB1340}.Release|x86.Build.0 = Release|x86
		{4617FFAE-D5C0-4752-A022-FECAD4943424}.Debug|x86.ActiveCfg = Debug|x86
		{4617FFAE-D5C0-4752-A022-FECAD4943424}.Debug|x86.Build.0 = Debug|x86
		{4617FFAE-D5C0-4752-A022-FECAD4943424}.Release|x86.ActiveCfg = Release|x86
		{4617FFAE-D5C0-4752-A022-FECAD4943424}.Release|x86.Build.0 = Release|x86
		{CFA7419C-0EBF-4C0A-921D-C677212F6B6A}.Debug|x86.ActiveCfg = Debug|x86
		{CFA7419C-0EBF-4C0A-921D-C677212F6B6A}.Debug|x86.Build.0 = Debug|x86
		{CFA7419C-0EBF-4C0A-921D-C677212F6B6A}.Release|x86.ActiveCfg = Release|x86
		{CFA7419C-0EBF-4C0A-921D-C677212F6B6A}.Release|x86.Build.0 = Release|x86
		{C4F13B45-E8B5-4E42-93F9-75AC2B10534A}.Debug|x86.ActiveCfg = Debug|x86
		{C4F13B45-E8B5-4E42-93F9-75AC2B10534A}.Debug|x86.Build.0 = Debug|x86
		{C4F13B45-E8B5-4E42-93F9-75AC2B10534A}.Release|x86.ActiveCfg = Release|x86
		{C4F13B45-E8B5-4E42-93F9-75AC2B10534A}.Release|x86.Build.0 = Release|x86
		{63CFA640-2502-42CD-B7F3-BBFF54ADCF45}.Debug|x86.ActiveCfg = Debug|x86
		{63CFA640-2502-42CD-B7F3-BBFF54ADCF45}.Debug|x86.Build.0 = Debug|x86
		{63CFA640-2502-42CD-B7F3-BBFF54ADCF45}.Release|x86.ActiveCfg = Release|x86
		{63CFA640-2502-42CD-B7F3-BBFF54ADCF45}.Release|x86.Build.0 = Release|x86
		{D3E3EA21-34C6-4A08-A6D3-7E7D51223B72}.Debug|x86.ActiveCfg = Debug|x86
		{D3E3EA21-34C6-4A08-A6D3-7E7D51223B72}.Debug|x86.Build.0 = Debug|x86
		{D3E3EA21-34C6-4A08-A6D3-7E7D51223B72}.Release|x86.ActiveCfg = Release|x86
		{D3E3EA21-34C6-4A08-A6D3-7E7D51223B72}.Release|x86.Build.0 = Release|x86
		{B211B7E3-96B2-453B-B9C0-1A98DC6794CE}.Debug|x86.ActiveCfg = Debug|x86
		{B211B7E3-96B2-453B-B9C0-1A98DC6794CE}.Debug|x86.Build.0 = Debug|x86
		{B211B7E3-96B2-453B-B9C0-1A98DC6794CE}.Release|x86.ActiveCfg = Release|x86
		{B211B7E3-96B2-453B-B9C0-1A98DC6794CE}.Release|x86.Build.0 = Release|x86
		{A4FC140E-8C55-4E25-B7C3-9110DF69222B}.Debug|x86.ActiveCfg = Debug|x86
		{A4FC140E-8C55-4E25-B7C3-9110DF69222B}.Debug|x86.Build.0 = Debug|x86
		{A4FC140E-8C55-4E25-B7C3-9110DF69222B}.Release|x86.ActiveCfg = Release|x86
		{A4FC140E-8C55-4E25-B7C3-9110DF69222B}.Release|x86.Build.0 = Release|x86
		{C6E81245-E678-4608-B649-4EBD6244210A}.Debug|x86.ActiveCfg = Debug|x86
		{C6E81245-E678-4608-B649-4EBD6244210A}.Debug|x86.Build.0 = Debug|x86
		{C6E81245-E678-4608-B649-4EBD6244210A}.Release|x86.ActiveCfg = Release|x86
		{C6E81245-E678-4608-B649-4EBD6244210A}.Release|x86.Build.0 = Release|x86
	EndGlobalSection
	GlobalSection(SolutionProperties) = preSolution
		HideSolutionNode = FALSE
	EndGlobalSection
	GlobalSection(NestedProjects) = preSolution
		{A9141F3E-B530-49EE-B959-16A49E1C98B1} = {6FD20AA2-D2DE-4A16-AC18-A392738B54CF}
		{3F88DD96-1392-409A-89E8-475FC56E4647} = {6FD20AA2-D2DE-4A16-AC18-A392738B54CF}
		{0C53340C-B5A4-40A3-B746-2500E86169E5} = {A5E01408-CB3F-449B-BA02-1E779A0ECC40}
		{44125D6E-78A1-456C-967E-AAFCA7B6BBEA} = {40EB7F66-AA33-4076-BC91-651ECA38C4FA}
		{1FF50F3A-43A3-4648-B132-0EA318AB1340} = {CBA74696-0E80-40E5-B973-D4E55B7F4D89}
		{4617FFAE-D5C0-4752-A022-FECAD4943424} = {CBA74696-0E80-40E5-B973-D4E55B7F4D89}
		{CFA7419C-0EBF-4C0A-921D-C677212F6B6A} = {CBA74696-0E80-40E5-B973-D4E55B7F4D89}
		{C4F13B45-E8B5-4E42-93F9-75AC2B10534A} = {CBA74696-0E80-40E5-B973-D4E55B7F4D89}
		{63CFA640-2502-42CD-B7F3-BBFF54ADCF45} = {CBA74696-0E80-40E5-B973-D4E55B7F4D89}
		{D3E3EA21-34C6-4A08-A6D3-7E7D51223B72} = {71F72F20-5B4F-485A-84C8-7CC35ABCD0F7}
		{B211B7E3-96B2-453B-B9C0-1A98DC6794CE} = {6FD20AA2-D2DE-4A16-AC18-A392738B54CF}
		{A4FC140E-8C55-4E25-B7C3-9110DF69222B} = {6FD20AA2-D2DE-4A16-AC18-A392738B54CF}
		{C6E81245-E678-4608-B649-4EBD6244210A} = {6FD20AA2-D2DE-4A16-AC18-A392738B54CF}
	EndGlobalSection
EndGlobal
